
Microsoft Visual Studio Solution File, Format Version 12.00
# Visual Studio Version 16
VisualStudioVersion = 16.0.30204.135
MinimumVisualStudioVersion = 10.0.40219.1
Project("{FAE04EC0-301F-11D3-BF4B-00C04F79EFBC}") = "Presencial2_Exercicio_1", "Presencial2_Exercicio_1\Presencial2_Exercicio_1.csproj", "{199B72D1-B6DE-40D7-9256-8EF27B1D44B9}"
EndProject
Global
	GlobalSection(SolutionConfigurationPlatforms) = preSolution
		Debug|Any CPU = Debug|Any CPU
		Release|Any CPU = Release|Any CPU
	EndGlobalSection
	GlobalSection(ProjectConfigurationPlatforms) = postSolution
		{199B72D1-B6DE-40D7-9256-8EF27B1D44B9}.Debug|Any CPU.ActiveCfg = Debug|Any CPU
		{199B72D1-B6DE-40D7-9256-8EF27B1D44B9}.Debug|Any CPU.Build.0 = Debug|Any CPU
		{199B72D1-B6DE-40D7-9256-8EF27B1D44B9}.Release|Any CPU.ActiveCfg = Release|Any CPU
		{199B72D1-B6DE-40D7-9256-8EF27B1D44B9}.Release|Any CPU.Build.0 = Release|Any CPU
	EndGlobalSection
	GlobalSection(SolutionProperties) = preSolution
		HideSolutionNode = FALSE
	EndGlobalSection
	GlobalSection(ExtensibilityGlobals) = postSolution
		SolutionGuid = {37AB58D5-9044-41CF-B6CA-13574A5FD371}
	EndGlobalSection
EndGlobal
